// !$*UTF8*$!
{
	archiveVersion = 1;
	classes = {
	};
	objectVersion = 56;
	objects = {

/* Begin PBXBuildFile section */
		4A5DD80A2A08151C00C5BD55 /* WorkoutDetailScreen.swift in Sources */ = {isa = PBXBuildFile; fileRef = 4A5DD8092A08151C00C5BD55 /* WorkoutDetailScreen.swift */; };
		4A5DD80E2A082D4900C5BD55 /* EditWorkoutScreen.swift in Sources */ = {isa = PBXBuildFile; fileRef = 4A5DD80D2A082D4900C5BD55 /* EditWorkoutScreen.swift */; };
		4A5DD8102A0872B400C5BD55 /* ThemeView.swift in Sources */ = {isa = PBXBuildFile; fileRef = 4A5DD80F2A0872B400C5BD55 /* ThemeView.swift */; };
		4A5DD8122A0873A600C5BD55 /* ThemePicker.swift in Sources */ = {isa = PBXBuildFile; fileRef = 4A5DD8112A0873A600C5BD55 /* ThemePicker.swift */; };
		4A5DD8142A088F5300C5BD55 /* WorkoutHeaderView.swift in Sources */ = {isa = PBXBuildFile; fileRef = 4A5DD8132A088F5300C5BD55 /* WorkoutHeaderView.swift */; };
		4A5DD8162A08920800C5BD55 /* WorkoutTimer.swift in Sources */ = {isa = PBXBuildFile; fileRef = 4A5DD8152A08920800C5BD55 /* WorkoutTimer.swift */; };
		4A5DD8182A09EFA800C5BD55 /* WorkoutFooterView.swift in Sources */ = {isa = PBXBuildFile; fileRef = 4A5DD8172A09EFA800C5BD55 /* WorkoutFooterView.swift */; };
		4A5DD81C2A145FB600C5BD55 /* NewWorkoutSheet.swift in Sources */ = {isa = PBXBuildFile; fileRef = 4A5DD81B2A145FB600C5BD55 /* NewWorkoutSheet.swift */; };
		4A5DD81E2A1463A100C5BD55 /* History.swift in Sources */ = {isa = PBXBuildFile; fileRef = 4A5DD81D2A1463A100C5BD55 /* History.swift */; };
		4A5DD8202A185DF800C5BD55 /* WorkoutStore.swift in Sources */ = {isa = PBXBuildFile; fileRef = 4A5DD81F2A185DF800C5BD55 /* WorkoutStore.swift */; };
		4A5DD8222A194D5600C5BD55 /* ErrorWrapper.swift in Sources */ = {isa = PBXBuildFile; fileRef = 4A5DD8212A194D5600C5BD55 /* ErrorWrapper.swift */; };
		4A5DD8242A194DB100C5BD55 /* ErrorView.swift in Sources */ = {isa = PBXBuildFile; fileRef = 4A5DD8232A194DB100C5BD55 /* ErrorView.swift */; };
		4A5DD8262A19510300C5BD55 /* WorkoutTimerView.swift in Sources */ = {isa = PBXBuildFile; fileRef = 4A5DD8252A19510300C5BD55 /* WorkoutTimerView.swift */; };
		4A5DD8282A19558D00C5BD55 /* SpeakerArc.swift in Sources */ = {isa = PBXBuildFile; fileRef = 4A5DD8272A19558D00C5BD55 /* SpeakerArc.swift */; };
		4A76BC1229F4788D00DD3ACE /* ScrumdingerApp.swift in Sources */ = {isa = PBXBuildFile; fileRef = 4A76BC1129F4788D00DD3ACE /* ScrumdingerApp.swift */; };
		4A76BC1429F4788D00DD3ACE /* WorkoutView.swift in Sources */ = {isa = PBXBuildFile; fileRef = 4A76BC1329F4788D00DD3ACE /* WorkoutView.swift */; };
		4A76BC1A29F4788E00DD3ACE /* Preview Assets.xcassets in Resources */ = {isa = PBXBuildFile; fileRef = 4A76BC1929F4788E00DD3ACE /* Preview Assets.xcassets */; };
		4A76BC2429F4788E00DD3ACE /* ScrumdingerTests.swift in Sources */ = {isa = PBXBuildFile; fileRef = 4A76BC2329F4788E00DD3ACE /* ScrumdingerTests.swift */; };
		4A76BC2E29F4788E00DD3ACE /* ScrumdingerUITests.swift in Sources */ = {isa = PBXBuildFile; fileRef = 4A76BC2D29F4788E00DD3ACE /* ScrumdingerUITests.swift */; };
		4A76BC3029F4788E00DD3ACE /* ScrumdingerUITestsLaunchTests.swift in Sources */ = {isa = PBXBuildFile; fileRef = 4A76BC2F29F4788E00DD3ACE /* ScrumdingerUITestsLaunchTests.swift */; };
		4A76BC3F29F5712600DD3ACE /* Theme.swift in Sources */ = {isa = PBXBuildFile; fileRef = 4A76BC3E29F5712600DD3ACE /* Theme.swift */; };
		4A76BC4129F573DA00DD3ACE /* DailyWorkout.swift in Sources */ = {isa = PBXBuildFile; fileRef = 4A76BC4029F573DA00DD3ACE /* DailyWorkout.swift */; };
		4A76BC4329F57AA500DD3ACE /* WorkoutCardView.swift in Sources */ = {isa = PBXBuildFile; fileRef = 4A76BC4229F57AA500DD3ACE /* WorkoutCardView.swift */; };
		4A76BC4629F57EAE00DD3ACE /* TrailingIconLabelStyle.swift in Sources */ = {isa = PBXBuildFile; fileRef = 4A76BC4529F57EAE00DD3ACE /* TrailingIconLabelStyle.swift */; };
		4A76BC4829F5AD7400DD3ACE /* WorkoutListScreen.swift in Sources */ = {isa = PBXBuildFile; fileRef = 4A76BC4729F5AD7400DD3ACE /* WorkoutListScreen.swift */; };
		4A76BC4A29F5B6CF00DD3ACE /* Asset Catalog.xcassets in Resources */ = {isa = PBXBuildFile; fileRef = 4A76BC4929F5B6CF00DD3ACE /* Asset Catalog.xcassets */; };
/* End PBXBuildFile section */

/* Begin PBXContainerItemProxy section */
		4A76BC2029F4788E00DD3ACE /* PBXContainerItemProxy */ = {
			isa = PBXContainerItemProxy;
			containerPortal = 4A76BC0629F4788D00DD3ACE /* Project object */;
			proxyType = 1;
			remoteGlobalIDString = 4A76BC0D29F4788D00DD3ACE;
			remoteInfo = Scrumdinger;
		};
		4A76BC2A29F4788E00DD3ACE /* PBXContainerItemProxy */ = {
			isa = PBXContainerItemProxy;
			containerPortal = 4A76BC0629F4788D00DD3ACE /* Project object */;
			proxyType = 1;
			remoteGlobalIDString = 4A76BC0D29F4788D00DD3ACE;
			remoteInfo = Scrumdinger;
		};
/* End PBXContainerItemProxy section */

/* Begin PBXFileReference section */
		4A5DD8092A08151C00C5BD55 /* WorkoutDetailScreen.swift */ = {isa = PBXFileReference; lastKnownFileType = sourcecode.swift; path = WorkoutDetailScreen.swift; sourceTree = "<group>"; };
		4A5DD80D2A082D4900C5BD55 /* EditWorkoutScreen.swift */ = {isa = PBXFileReference; lastKnownFileType = sourcecode.swift; path = EditWorkoutScreen.swift; sourceTree = "<group>"; };
		4A5DD80F2A0872B400C5BD55 /* ThemeView.swift */ = {isa = PBXFileReference; lastKnownFileType = sourcecode.swift; path = ThemeView.swift; sourceTree = "<group>"; };
		4A5DD8112A0873A600C5BD55 /* ThemePicker.swift */ = {isa = PBXFileReference; lastKnownFileType = sourcecode.swift; path = ThemePicker.swift; sourceTree = "<group>"; };
		4A5DD8132A088F5300C5BD55 /* WorkoutHeaderView.swift */ = {isa = PBXFileReference; lastKnownFileType = sourcecode.swift; path = WorkoutHeaderView.swift; sourceTree = "<group>"; };
		4A5DD8152A08920800C5BD55 /* WorkoutTimer.swift */ = {isa = PBXFileReference; lastKnownFileType = sourcecode.swift; path = WorkoutTimer.swift; sourceTree = "<group>"; };
		4A5DD8172A09EFA800C5BD55 /* WorkoutFooterView.swift */ = {isa = PBXFileReference; lastKnownFileType = sourcecode.swift; path = WorkoutFooterView.swift; sourceTree = "<group>"; };
		4A5DD81B2A145FB600C5BD55 /* NewWorkoutSheet.swift */ = {isa = PBXFileReference; lastKnownFileType = sourcecode.swift; path = NewWorkoutSheet.swift; sourceTree = "<group>"; };
		4A5DD81D2A1463A100C5BD55 /* History.swift */ = {isa = PBXFileReference; lastKnownFileType = sourcecode.swift; path = History.swift; sourceTree = "<group>"; };
		4A5DD81F2A185DF800C5BD55 /* WorkoutStore.swift */ = {isa = PBXFileReference; lastKnownFileType = sourcecode.swift; path = WorkoutStore.swift; sourceTree = "<group>"; };
		4A5DD8212A194D5600C5BD55 /* ErrorWrapper.swift */ = {isa = PBXFileReference; lastKnownFileType = sourcecode.swift; path = ErrorWrapper.swift; sourceTree = "<group>"; };
		4A5DD8232A194DB100C5BD55 /* ErrorView.swift */ = {isa = PBXFileReference; lastKnownFileType = sourcecode.swift; path = ErrorView.swift; sourceTree = "<group>"; };
		4A5DD8252A19510300C5BD55 /* WorkoutTimerView.swift */ = {isa = PBXFileReference; lastKnownFileType = sourcecode.swift; path = WorkoutTimerView.swift; sourceTree = "<group>"; };
		4A5DD8272A19558D00C5BD55 /* SpeakerArc.swift */ = {isa = PBXFileReference; lastKnownFileType = sourcecode.swift; path = SpeakerArc.swift; sourceTree = "<group>"; };
		4A76BC0E29F4788D00DD3ACE /* Scrumdinger.app */ = {isa = PBXFileReference; explicitFileType = wrapper.application; includeInIndex = 0; path = Scrumdinger.app; sourceTree = BUILT_PRODUCTS_DIR; };
		4A76BC1129F4788D00DD3ACE /* ScrumdingerApp.swift */ = {isa = PBXFileReference; lastKnownFileType = sourcecode.swift; path = ScrumdingerApp.swift; sourceTree = "<group>"; };
		4A76BC1329F4788D00DD3ACE /* WorkoutView.swift */ = {isa = PBXFileReference; lastKnownFileType = sourcecode.swift; path = WorkoutView.swift; sourceTree = "<group>"; };
		4A76BC1729F4788E00DD3ACE /* Scrumdinger.entitlements */ = {isa = PBXFileReference; lastKnownFileType = text.plist.entitlements; path = Scrumdinger.entitlements; sourceTree = "<group>"; };
		4A76BC1929F4788E00DD3ACE /* Preview Assets.xcassets */ = {isa = PBXFileReference; lastKnownFileType = folder.assetcatalog; path = "Preview Assets.xcassets"; sourceTree = "<group>"; };
		4A76BC1F29F4788E00DD3ACE /* ScrumdingerTests.xctest */ = {isa = PBXFileReference; explicitFileType = wrapper.cfbundle; includeInIndex = 0; path = ScrumdingerTests.xctest; sourceTree = BUILT_PRODUCTS_DIR; };
		4A76BC2329F4788E00DD3ACE /* ScrumdingerTests.swift */ = {isa = PBXFileReference; lastKnownFileType = sourcecode.swift; path = ScrumdingerTests.swift; sourceTree = "<group>"; };
		4A76BC2929F4788E00DD3ACE /* ScrumdingerUITests.xctest */ = {isa = PBXFileReference; explicitFileType = wrapper.cfbundle; includeInIndex = 0; path = ScrumdingerUITests.xctest; sourceTree = BUILT_PRODUCTS_DIR; };
		4A76BC2D29F4788E00DD3ACE /* ScrumdingerUITests.swift */ = {isa = PBXFileReference; lastKnownFileType = sourcecode.swift; path = ScrumdingerUITests.swift; sourceTree = "<group>"; };
		4A76BC2F29F4788E00DD3ACE /* ScrumdingerUITestsLaunchTests.swift */ = {isa = PBXFileReference; lastKnownFileType = sourcecode.swift; path = ScrumdingerUITestsLaunchTests.swift; sourceTree = "<group>"; };
		4A76BC3E29F5712600DD3ACE /* Theme.swift */ = {isa = PBXFileReference; lastKnownFileType = sourcecode.swift; path = Theme.swift; sourceTree = "<group>"; };
		4A76BC4029F573DA00DD3ACE /* DailyWorkout.swift */ = {isa = PBXFileReference; lastKnownFileType = sourcecode.swift; path = DailyWorkout.swift; sourceTree = "<group>"; };
		4A76BC4229F57AA500DD3ACE /* WorkoutCardView.swift */ = {isa = PBXFileReference; lastKnownFileType = sourcecode.swift; path = WorkoutCardView.swift; sourceTree = "<group>"; };
		4A76BC4529F57EAE00DD3ACE /* TrailingIconLabelStyle.swift */ = {isa = PBXFileReference; lastKnownFileType = sourcecode.swift; path = TrailingIconLabelStyle.swift; sourceTree = "<group>"; };
		4A76BC4729F5AD7400DD3ACE /* WorkoutListScreen.swift */ = {isa = PBXFileReference; lastKnownFileType = sourcecode.swift; path = WorkoutListScreen.swift; sourceTree = "<group>"; };
		4A76BC4929F5B6CF00DD3ACE /* Asset Catalog.xcassets */ = {isa = PBXFileReference; lastKnownFileType = folder.assetcatalog; path = "Asset Catalog.xcassets"; sourceTree = "<group>"; };
/* End PBXFileReference section */

/* Begin PBXFrameworksBuildPhase section */
		4A76BC0B29F4788D00DD3ACE /* Frameworks */ = {
			isa = PBXFrameworksBuildPhase;
			buildActionMask = 2147483647;
			files = (
			);
			runOnlyForDeploymentPostprocessing = 0;
		};
		4A76BC1C29F4788E00DD3ACE /* Frameworks */ = {
			isa = PBXFrameworksBuildPhase;
			buildActionMask = 2147483647;
			files = (
			);
			runOnlyForDeploymentPostprocessing = 0;
		};
		4A76BC2629F4788E00DD3ACE /* Frameworks */ = {
			isa = PBXFrameworksBuildPhase;
			buildActionMask = 2147483647;
			files = (
			);
			runOnlyForDeploymentPostprocessing = 0;
		};
/* End PBXFrameworksBuildPhase section */

/* Begin PBXGroup section */
		4A76BC0529F4788D00DD3ACE = {
			isa = PBXGroup;
			children = (
				4A76BC1029F4788D00DD3ACE /* Scrumdinger */,
				4A76BC2229F4788E00DD3ACE /* ScrumdingerTests */,
				4A76BC2C29F4788E00DD3ACE /* ScrumdingerUITests */,
				4A76BC0F29F4788D00DD3ACE /* Products */,
			);
			sourceTree = "<group>";
		};
		4A76BC0F29F4788D00DD3ACE /* Products */ = {
			isa = PBXGroup;
			children = (
				4A76BC0E29F4788D00DD3ACE /* Scrumdinger.app */,
				4A76BC1F29F4788E00DD3ACE /* ScrumdingerTests.xctest */,
				4A76BC2929F4788E00DD3ACE /* ScrumdingerUITests.xctest */,
			);
			name = Products;
			sourceTree = "<group>";
		};
		4A76BC1029F4788D00DD3ACE /* Scrumdinger */ = {
			isa = PBXGroup;
			children = (
				4A76BC1129F4788D00DD3ACE /* ScrumdingerApp.swift */,
				4A76BC3D29F5710B00DD3ACE /* Models */,
				4A76BC4429F57AAB00DD3ACE /* Views */,
				4A76BC1729F4788E00DD3ACE /* Scrumdinger.entitlements */,
				4A76BC4929F5B6CF00DD3ACE /* Asset Catalog.xcassets */,
				4A76BC1829F4788E00DD3ACE /* Preview Content */,
			);
			path = Scrumdinger;
			sourceTree = "<group>";
		};
		4A76BC1829F4788E00DD3ACE /* Preview Content */ = {
			isa = PBXGroup;
			children = (
				4A76BC1929F4788E00DD3ACE /* Preview Assets.xcassets */,
			);
			path = "Preview Content";
			sourceTree = "<group>";
		};
		4A76BC2229F4788E00DD3ACE /* ScrumdingerTests */ = {
			isa = PBXGroup;
			children = (
				4A76BC2329F4788E00DD3ACE /* ScrumdingerTests.swift */,
			);
			path = ScrumdingerTests;
			sourceTree = "<group>";
		};
		4A76BC2C29F4788E00DD3ACE /* ScrumdingerUITests */ = {
			isa = PBXGroup;
			children = (
				4A76BC2D29F4788E00DD3ACE /* ScrumdingerUITests.swift */,
				4A76BC2F29F4788E00DD3ACE /* ScrumdingerUITestsLaunchTests.swift */,
			);
			path = ScrumdingerUITests;
			sourceTree = "<group>";
		};
		4A76BC3C29F5705800DD3ACE /* Screens */ = {
			isa = PBXGroup;
			children = (
				4A76BC4729F5AD7400DD3ACE /* WorkoutListScreen.swift */,
				4A5DD8092A08151C00C5BD55 /* WorkoutDetailScreen.swift */,
				4A5DD80D2A082D4900C5BD55 /* EditWorkoutScreen.swift */,
			);
			path = Screens;
			sourceTree = "<group>";
		};
		4A76BC3D29F5710B00DD3ACE /* Models */ = {
			isa = PBXGroup;
			children = (
				4A76BC3E29F5712600DD3ACE /* Theme.swift */,
				4A76BC4029F573DA00DD3ACE /* DailyWorkout.swift */,
				4A5DD8152A08920800C5BD55 /* WorkoutTimer.swift */,
				4A5DD81D2A1463A100C5BD55 /* History.swift */,
				4A5DD81F2A185DF800C5BD55 /* WorkoutStore.swift */,
				4A5DD8212A194D5600C5BD55 /* ErrorWrapper.swift */,
			);
			path = Models;
			sourceTree = "<group>";
		};
		4A76BC4429F57AAB00DD3ACE /* Views */ = {
			isa = PBXGroup;
			children = (
				4A76BC4229F57AA500DD3ACE /* WorkoutCardView.swift */,
				4A5DD80F2A0872B400C5BD55 /* ThemeView.swift */,
				4A76BC4529F57EAE00DD3ACE /* TrailingIconLabelStyle.swift */,
				4A76BC1329F4788D00DD3ACE /* WorkoutView.swift */,
				4A5DD8232A194DB100C5BD55 /* ErrorView.swift */,
				4A5DD8112A0873A600C5BD55 /* ThemePicker.swift */,
				4A5DD8132A088F5300C5BD55 /* WorkoutHeaderView.swift */,
				4A5DD8172A09EFA800C5BD55 /* WorkoutFooterView.swift */,
				4A5DD8252A19510300C5BD55 /* WorkoutTimerView.swift */,
				4A5DD81B2A145FB600C5BD55 /* NewWorkoutSheet.swift */,
				4A76BC3C29F5705800DD3ACE /* Screens */,
				4A5DD8272A19558D00C5BD55 /* SpeakerArc.swift */,
			);
			path = Views;
			sourceTree = "<group>";
		};
/* End PBXGroup section */

/* Begin PBXNativeTarget section */
		4A76BC0D29F4788D00DD3ACE /* Scrumdinger */ = {
			isa = PBXNativeTarget;
			buildConfigurationList = 4A76BC3329F4788E00DD3ACE /* Build configuration list for PBXNativeTarget "Scrumdinger" */;
			buildPhases = (
				4A76BC0A29F4788D00DD3ACE /* Sources */,
				4A76BC0B29F4788D00DD3ACE /* Frameworks */,
				4A76BC0C29F4788D00DD3ACE /* Resources */,
			);
			buildRules = (
			);
			dependencies = (
			);
			name = Scrumdinger;
			productName = Scrumdinger;
			productReference = 4A76BC0E29F4788D00DD3ACE /* Scrumdinger.app */;
			productType = "com.apple.product-type.application";
		};
		4A76BC1E29F4788E00DD3ACE /* ScrumdingerTests */ = {
			isa = PBXNativeTarget;
			buildConfigurationList = 4A76BC3629F4788E00DD3ACE /* Build configuration list for PBXNativeTarget "ScrumdingerTests" */;
			buildPhases = (
				4A76BC1B29F4788E00DD3ACE /* Sources */,
				4A76BC1C29F4788E00DD3ACE /* Frameworks */,
				4A76BC1D29F4788E00DD3ACE /* Resources */,
			);
			buildRules = (
			);
			dependencies = (
				4A76BC2129F4788E00DD3ACE /* PBXTargetDependency */,
			);
			name = ScrumdingerTests;
			productName = ScrumdingerTests;
			productReference = 4A76BC1F29F4788E00DD3ACE /* ScrumdingerTests.xctest */;
			productType = "com.apple.product-type.bundle.unit-test";
		};
		4A76BC2829F4788E00DD3ACE /* ScrumdingerUITests */ = {
			isa = PBXNativeTarget;
			buildConfigurationList = 4A76BC3929F4788E00DD3ACE /* Build configuration list for PBXNativeTarget "ScrumdingerUITests" */;
			buildPhases = (
				4A76BC2529F4788E00DD3ACE /* Sources */,
				4A76BC2629F4788E00DD3ACE /* Frameworks */,
				4A76BC2729F4788E00DD3ACE /* Resources */,
			);
			buildRules = (
			);
			dependencies = (
				4A76BC2B29F4788E00DD3ACE /* PBXTargetDependency */,
			);
			name = ScrumdingerUITests;
			productName = ScrumdingerUITests;
			productReference = 4A76BC2929F4788E00DD3ACE /* ScrumdingerUITests.xctest */;
			productType = "com.apple.product-type.bundle.ui-testing";
		};
/* End PBXNativeTarget section */

/* Begin PBXProject section */
		4A76BC0629F4788D00DD3ACE /* Project object */ = {
			isa = PBXProject;
			attributes = {
				BuildIndependentTargetsInParallel = 1;
				LastSwiftUpdateCheck = 1430;
				LastUpgradeCheck = 1430;
				TargetAttributes = {
					4A76BC0D29F4788D00DD3ACE = {
						CreatedOnToolsVersion = 14.3;
					};
					4A76BC1E29F4788E00DD3ACE = {
						CreatedOnToolsVersion = 14.3;
						TestTargetID = 4A76BC0D29F4788D00DD3ACE;
					};
					4A76BC2829F4788E00DD3ACE = {
						CreatedOnToolsVersion = 14.3;
						TestTargetID = 4A76BC0D29F4788D00DD3ACE;
					};
				};
			};
			buildConfigurationList = 4A76BC0929F4788D00DD3ACE /* Build configuration list for PBXProject "Scrumdinger" */;
			compatibilityVersion = "Xcode 14.0";
			developmentRegion = en;
			hasScannedForEncodings = 0;
			knownRegions = (
				en,
				Base,
			);
			mainGroup = 4A76BC0529F4788D00DD3ACE;
			productRefGroup = 4A76BC0F29F4788D00DD3ACE /* Products */;
			projectDirPath = "";
			projectRoot = "";
			targets = (
				4A76BC0D29F4788D00DD3ACE /* Scrumdinger */,
				4A76BC1E29F4788E00DD3ACE /* ScrumdingerTests */,
				4A76BC2829F4788E00DD3ACE /* ScrumdingerUITests */,
			);
		};
/* End PBXProject section */

/* Begin PBXResourcesBuildPhase section */
		4A76BC0C29F4788D00DD3ACE /* Resources */ = {
			isa = PBXResourcesBuildPhase;
			buildActionMask = 2147483647;
			files = (
				4A76BC1A29F4788E00DD3ACE /* Preview Assets.xcassets in Resources */,
				4A76BC4A29F5B6CF00DD3ACE /* Asset Catalog.xcassets in Resources */,
			);
			runOnlyForDeploymentPostprocessing = 0;
		};
		4A76BC1D29F4788E00DD3ACE /* Resources */ = {
			isa = PBXResourcesBuildPhase;
			buildActionMask = 2147483647;
			files = (
			);
			runOnlyForDeploymentPostprocessing = 0;
		};
		4A76BC2729F4788E00DD3ACE /* Resources */ = {
			isa = PBXResourcesBuildPhase;
			buildActionMask = 2147483647;
			files = (
			);
			runOnlyForDeploymentPostprocessing = 0;
		};
/* End PBXResourcesBuildPhase section */

/* Begin PBXSourcesBuildPhase section */
		4A76BC0A29F4788D00DD3ACE /* Sources */ = {
			isa = PBXSourcesBuildPhase;
			buildActionMask = 2147483647;
			files = (
				4A76BC3F29F5712600DD3ACE /* Theme.swift in Sources */,
				4A76BC4629F57EAE00DD3ACE /* TrailingIconLabelStyle.swift in Sources */,
				4A5DD8242A194DB100C5BD55 /* ErrorView.swift in Sources */,
				4A5DD8202A185DF800C5BD55 /* WorkoutStore.swift in Sources */,
				4A5DD8262A19510300C5BD55 /* WorkoutTimerView.swift in Sources */,
				4A5DD81C2A145FB600C5BD55 /* NewWorkoutSheet.swift in Sources */,
				4A5DD80A2A08151C00C5BD55 /* WorkoutDetailScreen.swift in Sources */,
				4A76BC4829F5AD7400DD3ACE /* WorkoutListScreen.swift in Sources */,
				4A5DD8122A0873A600C5BD55 /* ThemePicker.swift in Sources */,
				4A5DD8162A08920800C5BD55 /* WorkoutTimer.swift in Sources */,
				4A76BC1429F4788D00DD3ACE /* WorkoutView.swift in Sources */,
				4A5DD80E2A082D4900C5BD55 /* EditWorkoutScreen.swift in Sources */,
				4A5DD8282A19558D00C5BD55 /* SpeakerArc.swift in Sources */,
				4A76BC4329F57AA500DD3ACE /* WorkoutCardView.swift in Sources */,
				4A5DD81E2A1463A100C5BD55 /* History.swift in Sources */,
				4A5DD8222A194D5600C5BD55 /* ErrorWrapper.swift in Sources */,
				4A5DD8182A09EFA800C5BD55 /* WorkoutFooterView.swift in Sources */,
				4A76BC1229F4788D00DD3ACE /* ScrumdingerApp.swift in Sources */,
				4A5DD8142A088F5300C5BD55 /* WorkoutHeaderView.swift in Sources */,
				4A5DD8102A0872B400C5BD55 /* ThemeView.swift in Sources */,
				4A76BC4129F573DA00DD3ACE /* DailyWorkout.swift in Sources */,
			);
			runOnlyForDeploymentPostprocessing = 0;
		};
		4A76BC1B29F4788E00DD3ACE /* Sources */ = {
			isa = PBXSourcesBuildPhase;
			buildActionMask = 2147483647;
			files = (
				4A76BC2429F4788E00DD3ACE /* ScrumdingerTests.swift in Sources */,
			);
			runOnlyForDeploymentPostprocessing = 0;
		};
		4A76BC2529F4788E00DD3ACE /* Sources */ = {
			isa = PBXSourcesBuildPhase;
			buildActionMask = 2147483647;
			files = (
				4A76BC3029F4788E00DD3ACE /* ScrumdingerUITestsLaunchTests.swift in Sources */,
				4A76BC2E29F4788E00DD3ACE /* ScrumdingerUITests.swift in Sources */,
			);
			runOnlyForDeploymentPostprocessing = 0;
		};
/* End PBXSourcesBuildPhase section */

/* Begin PBXTargetDependency section */
		4A76BC2129F4788E00DD3ACE /* PBXTargetDependency */ = {
			isa = PBXTargetDependency;
			target = 4A76BC0D29F4788D00DD3ACE /* Scrumdinger */;
			targetProxy = 4A76BC2029F4788E00DD3ACE /* PBXContainerItemProxy */;
		};
		4A76BC2B29F4788E00DD3ACE /* PBXTargetDependency */ = {
			isa = PBXTargetDependency;
			target = 4A76BC0D29F4788D00DD3ACE /* Scrumdinger */;
			targetProxy = 4A76BC2A29F4788E00DD3ACE /* PBXContainerItemProxy */;
		};
/* End PBXTargetDependency section */

/* Begin XCBuildConfiguration section */
		4A76BC3129F4788E00DD3ACE /* Debug */ = {
			isa = XCBuildConfiguration;
			buildSettings = {
				ALWAYS_SEARCH_USER_PATHS = NO;
				CLANG_ANALYZER_NONNULL = YES;
				CLANG_ANALYZER_NUMBER_OBJECT_CONVERSION = YES_AGGRESSIVE;
				CLANG_CXX_LANGUAGE_STANDARD = "gnu++20";
				CLANG_ENABLE_MODULES = YES;
				CLANG_ENABLE_OBJC_ARC = YES;
				CLANG_ENABLE_OBJC_WEAK = YES;
				CLANG_WARN_BLOCK_CAPTURE_AUTORELEASING = YES;
				CLANG_WARN_BOOL_CONVERSION = YES;
				CLANG_WARN_COMMA = YES;
				CLANG_WARN_CONSTANT_CONVERSION = YES;
				CLANG_WARN_DEPRECATED_OBJC_IMPLEMENTATIONS = YES;
				CLANG_WARN_DIRECT_OBJC_ISA_USAGE = YES_ERROR;
				CLANG_WARN_DOCUMENTATION_COMMENTS = YES;
				CLANG_WARN_EMPTY_BODY = YES;
				CLANG_WARN_ENUM_CONVERSION = YES;
				CLANG_WARN_INFINITE_RECURSION = YES;
				CLANG_WARN_INT_CONVERSION = YES;
				CLANG_WARN_NON_LITERAL_NULL_CONVERSION = YES;
				CLANG_WARN_OBJC_IMPLICIT_RETAIN_SELF = YES;
				CLANG_WARN_OBJC_LITERAL_CONVERSION = YES;
				CLANG_WARN_OBJC_ROOT_CLASS = YES_ERROR;
				CLANG_WARN_QUOTED_INCLUDE_IN_FRAMEWORK_HEADER = YES;
				CLANG_WARN_RANGE_LOOP_ANALYSIS = YES;
				CLANG_WARN_STRICT_PROTOTYPES = YES;
				CLANG_WARN_SUSPICIOUS_MOVE = YES;
				CLANG_WARN_UNGUARDED_AVAILABILITY = YES_AGGRESSIVE;
				CLANG_WARN_UNREACHABLE_CODE = YES;
				CLANG_WARN__DUPLICATE_METHOD_MATCH = YES;
				COPY_PHASE_STRIP = NO;
				DEBUG_INFORMATION_FORMAT = dwarf;
				ENABLE_STRICT_OBJC_MSGSEND = YES;
				ENABLE_TESTABILITY = YES;
				GCC_C_LANGUAGE_STANDARD = gnu11;
				GCC_DYNAMIC_NO_PIC = NO;
				GCC_NO_COMMON_BLOCKS = YES;
				GCC_OPTIMIZATION_LEVEL = 0;
				GCC_PREPROCESSOR_DEFINITIONS = (
					"DEBUG=1",
					"$(inherited)",
				);
				GCC_WARN_64_TO_32_BIT_CONVERSION = YES;
				GCC_WARN_ABOUT_RETURN_TYPE = YES_ERROR;
				GCC_WARN_UNDECLARED_SELECTOR = YES;
				GCC_WARN_UNINITIALIZED_AUTOS = YES_AGGRESSIVE;
				GCC_WARN_UNUSED_FUNCTION = YES;
				GCC_WARN_UNUSED_VARIABLE = YES;
				MTL_ENABLE_DEBUG_INFO = INCLUDE_SOURCE;
				MTL_FAST_MATH = YES;
				ONLY_ACTIVE_ARCH = YES;
				SWIFT_ACTIVE_COMPILATION_CONDITIONS = DEBUG;
				SWIFT_OPTIMIZATION_LEVEL = "-Onone";
			};
			name = Debug;
		};
		4A76BC3229F4788E00DD3ACE /* Release */ = {
			isa = XCBuildConfiguration;
			buildSettings = {
				ALWAYS_SEARCH_USER_PATHS = NO;
				CLANG_ANALYZER_NONNULL = YES;
				CLANG_ANALYZER_NUMBER_OBJECT_CONVERSION = YES_AGGRESSIVE;
				CLANG_CXX_LANGUAGE_STANDARD = "gnu++20";
				CLANG_ENABLE_MODULES = YES;
				CLANG_ENABLE_OBJC_ARC = YES;
				CLANG_ENABLE_OBJC_WEAK = YES;
				CLANG_WARN_BLOCK_CAPTURE_AUTORELEASING = YES;
				CLANG_WARN_BOOL_CONVERSION = YES;
				CLANG_WARN_COMMA = YES;
				CLANG_WARN_CONSTANT_CONVERSION = YES;
				CLANG_WARN_DEPRECATED_OBJC_IMPLEMENTATIONS = YES;
				CLANG_WARN_DIRECT_OBJC_ISA_USAGE = YES_ERROR;
				CLANG_WARN_DOCUMENTATION_COMMENTS = YES;
				CLANG_WARN_EMPTY_BODY = YES;
				CLANG_WARN_ENUM_CONVERSION = YES;
				CLANG_WARN_INFINITE_RECURSION = YES;
				CLANG_WARN_INT_CONVERSION = YES;
				CLANG_WARN_NON_LITERAL_NULL_CONVERSION = YES;
				CLANG_WARN_OBJC_IMPLICIT_RETAIN_SELF = YES;
				CLANG_WARN_OBJC_LITERAL_CONVERSION = YES;
				CLANG_WARN_OBJC_ROOT_CLASS = YES_ERROR;
				CLANG_WARN_QUOTED_INCLUDE_IN_FRAMEWORK_HEADER = YES;
				CLANG_WARN_RANGE_LOOP_ANALYSIS = YES;
				CLANG_WARN_STRICT_PROTOTYPES = YES;
				CLANG_WARN_SUSPICIOUS_MOVE = YES;
				CLANG_WARN_UNGUARDED_AVAILABILITY = YES_AGGRESSIVE;
				CLANG_WARN_UNREACHABLE_CODE = YES;
				CLANG_WARN__DUPLICATE_METHOD_MATCH = YES;
				COPY_PHASE_STRIP = NO;
				DEBUG_INFORMATION_FORMAT = "dwarf-with-dsym";
				ENABLE_NS_ASSERTIONS = NO;
				ENABLE_STRICT_OBJC_MSGSEND = YES;
				GCC_C_LANGUAGE_STANDARD = gnu11;
				GCC_NO_COMMON_BLOCKS = YES;
				GCC_WARN_64_TO_32_BIT_CONVERSION = YES;
				GCC_WARN_ABOUT_RETURN_TYPE = YES_ERROR;
				GCC_WARN_UNDECLARED_SELECTOR = YES;
				GCC_WARN_UNINITIALIZED_AUTOS = YES_AGGRESSIVE;
				GCC_WARN_UNUSED_FUNCTION = YES;
				GCC_WARN_UNUSED_VARIABLE = YES;
				MTL_ENABLE_DEBUG_INFO = NO;
				MTL_FAST_MATH = YES;
				SWIFT_COMPILATION_MODE = wholemodule;
				SWIFT_OPTIMIZATION_LEVEL = "-O";
			};
			name = Release;
		};
		4A76BC3429F4788E00DD3ACE /* Debug */ = {
			isa = XCBuildConfiguration;
			buildSettings = {
				ASSETCATALOG_COMPILER_APPICON_NAME = AppIcon;
				ASSETCATALOG_COMPILER_GLOBAL_ACCENT_COLOR_NAME = AccentColor;
				CODE_SIGN_ENTITLEMENTS = Scrumdinger/Scrumdinger.entitlements;
				CODE_SIGN_STYLE = Automatic;
				CURRENT_PROJECT_VERSION = 1;
				DEVELOPMENT_ASSET_PATHS = "\"Scrumdinger/Preview Content\"";
				DEVELOPMENT_TEAM = W59W3QVKXJ;
				ENABLE_HARDENED_RUNTIME = YES;
				ENABLE_PREVIEWS = YES;
				GENERATE_INFOPLIST_FILE = YES;
				INFOPLIST_KEY_CFBundleDisplayName = "Workout Coach";
				INFOPLIST_KEY_LSApplicationCategoryType = "public.app-category.healthcare-fitness";
				"INFOPLIST_KEY_UIApplicationSceneManifest_Generation[sdk=iphoneos*]" = YES;
				"INFOPLIST_KEY_UIApplicationSceneManifest_Generation[sdk=iphonesimulator*]" = YES;
				"INFOPLIST_KEY_UIApplicationSupportsIndirectInputEvents[sdk=iphoneos*]" = YES;
				"INFOPLIST_KEY_UIApplicationSupportsIndirectInputEvents[sdk=iphonesimulator*]" = YES;
				"INFOPLIST_KEY_UILaunchScreen_Generation[sdk=iphoneos*]" = YES;
				"INFOPLIST_KEY_UILaunchScreen_Generation[sdk=iphonesimulator*]" = YES;
				"INFOPLIST_KEY_UIStatusBarStyle[sdk=iphoneos*]" = UIStatusBarStyleDefault;
				"INFOPLIST_KEY_UIStatusBarStyle[sdk=iphonesimulator*]" = UIStatusBarStyleDefault;
				INFOPLIST_KEY_UISupportedInterfaceOrientations_iPad = "UIInterfaceOrientationPortrait UIInterfaceOrientationPortraitUpsideDown UIInterfaceOrientationLandscapeLeft UIInterfaceOrientationLandscapeRight";
				INFOPLIST_KEY_UISupportedInterfaceOrientations_iPhone = "UIInterfaceOrientationPortrait UIInterfaceOrientationLandscapeLeft UIInterfaceOrientationLandscapeRight";
				IPHONEOS_DEPLOYMENT_TARGET = 16.0;
				LD_RUNPATH_SEARCH_PATHS = "@executable_path/Frameworks";
				"LD_RUNPATH_SEARCH_PATHS[sdk=macosx*]" = "@executable_path/../Frameworks";
				MACOSX_DEPLOYMENT_TARGET = 13.3;
				MARKETING_VERSION = 1.0;
				PRODUCT_BUNDLE_IDENTIFIER = com.airbornedev.Scrumdinger;
				PRODUCT_NAME = "$(TARGET_NAME)";
				SDKROOT = auto;
				SUPPORTED_PLATFORMS = "iphoneos iphonesimulator macosx";
				SWIFT_EMIT_LOC_STRINGS = YES;
				SWIFT_VERSION = 5.0;
				TARGETED_DEVICE_FAMILY = "1,2";
			};
			name = Debug;
		};
		4A76BC3529F4788E00DD3ACE /* Release */ = {
			isa = XCBuildConfiguration;
			buildSettings = {
				ASSETCATALOG_COMPILER_APPICON_NAME = AppIcon;
				ASSETCATALOG_COMPILER_GLOBAL_ACCENT_COLOR_NAME = AccentColor;
				CODE_SIGN_ENTITLEMENTS = Scrumdinger/Scrumdinger.entitlements;
				CODE_SIGN_STYLE = Automatic;
				CURRENT_PROJECT_VERSION = 1;
				DEVELOPMENT_ASSET_PATHS = "\"Scrumdinger/Preview Content\"";
				DEVELOPMENT_TEAM = W59W3QVKXJ;
				ENABLE_HARDENED_RUNTIME = YES;
				ENABLE_PREVIEWS = YES;
				GENERATE_INFOPLIST_FILE = YES;
				INFOPLIST_KEY_CFBundleDisplayName = "Workout Coach";
				INFOPLIST_KEY_LSApplicationCategoryType = "public.app-category.healthcare-fitness";
				"INFOPLIST_KEY_UIApplicationSceneManifest_Generation[sdk=iphoneos*]" = YES;
				"INFOPLIST_KEY_UIApplicationSceneManifest_Generation[sdk=iphonesimulator*]" = YES;
				"INFOPLIST_KEY_UIApplicationSupportsIndirectInputEvents[sdk=iphoneos*]" = YES;
				"INFOPLIST_KEY_UIApplicationSupportsIndirectInputEvents[sdk=iphonesimulator*]" = YES;
				"INFOPLIST_KEY_UILaunchScreen_Generation[sdk=iphoneos*]" = YES;
				"INFOPLIST_KEY_UILaunchScreen_Generation[sdk=iphonesimulator*]" = YES;
				"INFOPLIST_KEY_UIStatusBarStyle[sdk=iphoneos*]" = UIStatusBarStyleDefault;
				"INFOPLIST_KEY_UIStatusBarStyle[sdk=iphonesimulator*]" = UIStatusBarStyleDefault;
				INFOPLIST_KEY_UISupportedInterfaceOrientations_iPad = "UIInterfaceOrientationPortrait UIInterfaceOrientationPortraitUpsideDown UIInterfaceOrientationLandscapeLeft UIInterfaceOrientationLandscapeRight";
				INFOPLIST_KEY_UISupportedInterfaceOrientations_iPhone = "UIInterfaceOrientationPortrait UIInterfaceOrientationLandscapeLeft UIInterfaceOrientationLandscapeRight";
				IPHONEOS_DEPLOYMENT_TARGET = 16.0;
				LD_RUNPATH_SEARCH_PATHS = "@executable_path/Frameworks";
				"LD_RUNPATH_SEARCH_PATHS[sdk=macosx*]" = "@executable_path/../Frameworks";
				MACOSX_DEPLOYMENT_TARGET = 13.3;
				MARKETING_VERSION = 1.0;
				PRODUCT_BUNDLE_IDENTIFIER = com.airbornedev.Scrumdinger;
				PRODUCT_NAME = "$(TARGET_NAME)";
				SDKROOT = auto;
				SUPPORTED_PLATFORMS = "iphoneos iphonesimulator macosx";
				SWIFT_EMIT_LOC_STRINGS = YES;
				SWIFT_VERSION = 5.0;
				TARGETED_DEVICE_FAMILY = "1,2";
			};
			name = Release;
		};
		4A76BC3729F4788E00DD3ACE /* Debug */ = {
			isa = XCBuildConfiguration;
			buildSettings = {
				ALWAYS_EMBED_SWIFT_STANDARD_LIBRARIES = YES;
				BUNDLE_LOADER = "$(TEST_HOST)";
				CODE_SIGN_STYLE = Automatic;
				CURRENT_PROJECT_VERSION = 1;
				DEVELOPMENT_TEAM = W59W3QVKXJ;
				GENERATE_INFOPLIST_FILE = YES;
				IPHONEOS_DEPLOYMENT_TARGET = 16.4;
				MACOSX_DEPLOYMENT_TARGET = 13.3;
				MARKETING_VERSION = 1.0;
				PRODUCT_BUNDLE_IDENTIFIER = com.airbornedev.Scrumdinger.ScrumdingerTests;
				PRODUCT_NAME = "$(TARGET_NAME)";
				SDKROOT = auto;
				SUPPORTED_PLATFORMS = "iphoneos iphonesimulator macosx";
				SWIFT_EMIT_LOC_STRINGS = NO;
				SWIFT_VERSION = 5.0;
				TARGETED_DEVICE_FAMILY = "1,2";
				TEST_HOST = "$(BUILT_PRODUCTS_DIR)/Scrumdinger.app/$(BUNDLE_EXECUTABLE_FOLDER_PATH)/Scrumdinger";
			};
			name = Debug;
		};
		4A76BC3829F4788E00DD3ACE /* Release */ = {
			isa = XCBuildConfiguration;
			buildSettings = {
				ALWAYS_EMBED_SWIFT_STANDARD_LIBRARIES = YES;
				BUNDLE_LOADER = "$(TEST_HOST)";
				CODE_SIGN_STYLE = Automatic;
				CURRENT_PROJECT_VERSION = 1;
				DEVELOPMENT_TEAM = W59W3QVKXJ;
				GENERATE_INFOPLIST_FILE = YES;
				IPHONEOS_DEPLOYMENT_TARGET = 16.4;
				MACOSX_DEPLOYMENT_TARGET = 13.3;
				MARKETING_VERSION = 1.0;
				PRODUCT_BUNDLE_IDENTIFIER = com.airbornedev.Scrumdinger.ScrumdingerTests;
				PRODUCT_NAME = "$(TARGET_NAME)";
				SDKROOT = auto;
				SUPPORTED_PLATFORMS = "iphoneos iphonesimulator macosx";
				SWIFT_EMIT_LOC_STRINGS = NO;
				SWIFT_VERSION = 5.0;
				TARGETED_DEVICE_FAMILY = "1,2";
				TEST_HOST = "$(BUILT_PRODUCTS_DIR)/Scrumdinger.app/$(BUNDLE_EXECUTABLE_FOLDER_PATH)/Scrumdinger";
			};
			name = Release;
		};
		4A76BC3A29F4788E00DD3ACE /* Debug */ = {
			isa = XCBuildConfiguration;
			buildSettings = {
				ALWAYS_EMBED_SWIFT_STANDARD_LIBRARIES = YES;
				CODE_SIGN_STYLE = Automatic;
				CURRENT_PROJECT_VERSION = 1;
				DEVELOPMENT_TEAM = W59W3QVKXJ;
				GENERATE_INFOPLIST_FILE = YES;
				IPHONEOS_DEPLOYMENT_TARGET = 16.4;
				MACOSX_DEPLOYMENT_TARGET = 13.3;
				MARKETING_VERSION = 1.0;
				PRODUCT_BUNDLE_IDENTIFIER = com.airbornedev.Scrumdinger.ScrumdingerUITests;
				PRODUCT_NAME = "$(TARGET_NAME)";
				SDKROOT = auto;
				SUPPORTED_PLATFORMS = "iphoneos iphonesimulator macosx";
				SWIFT_EMIT_LOC_STRINGS = NO;
				SWIFT_VERSION = 5.0;
				TARGETED_DEVICE_FAMILY = "1,2";
				TEST_TARGET_NAME = Scrumdinger;
			};
			name = Debug;
		};
		4A76BC3B29F4788E00DD3ACE /* Release */ = {
			isa = XCBuildConfiguration;
			buildSettings = {
				ALWAYS_EMBED_SWIFT_STANDARD_LIBRARIES = YES;
				CODE_SIGN_STYLE = Automatic;
				CURRENT_PROJECT_VERSION = 1;
				DEVELOPMENT_TEAM = W59W3QVKXJ;
				GENERATE_INFOPLIST_FILE = YES;
				IPHONEOS_DEPLOYMENT_TARGET = 16.4;
				MACOSX_DEPLOYMENT_TARGET = 13.3;
				MARKETING_VERSION = 1.0;
				PRODUCT_BUNDLE_IDENTIFIER = com.airbornedev.Scrumdinger.ScrumdingerUITests;
				PRODUCT_NAME = "$(TARGET_NAME)";
				SDKROOT = auto;
				SUPPORTED_PLATFORMS = "iphoneos iphonesimulator macosx";
				SWIFT_EMIT_LOC_STRINGS = NO;
				SWIFT_VERSION = 5.0;
				TARGETED_DEVICE_FAMILY = "1,2";
				TEST_TARGET_NAME = Scrumdinger;
			};
			name = Release;
		};
/* End XCBuildConfiguration section */

/* Begin XCConfigurationList section */
		4A76BC0929F4788D00DD3ACE /* Build configuration list for PBXProject "Scrumdinger" */ = {
			isa = XCConfigurationList;
			buildConfigurations = (
				4A76BC3129F4788E00DD3ACE /* Debug */,
				4A76BC3229F4788E00DD3ACE /* Release */,
			);
			defaultConfigurationIsVisible = 0;
			defaultConfigurationName = Release;
		};
		4A76BC3329F4788E00DD3ACE /* Build configuration list for PBXNativeTarget "Scrumdinger" */ = {
			isa = XCConfigurationList;
			buildConfigurations = (
				4A76BC3429F4788E00DD3ACE /* Debug */,
				4A76BC3529F4788E00DD3ACE /* Release */,
			);
			defaultConfigurationIsVisible = 0;
			defaultConfigurationName = Release;
		};
		4A76BC3629F4788E00DD3ACE /* Build configuration list for PBXNativeTarget "ScrumdingerTests" */ = {
			isa = XCConfigurationList;
			buildConfigurations = (
				4A76BC3729F4788E00DD3ACE /* Debug */,
				4A76BC3829F4788E00DD3ACE /* Release */,
			);
			defaultConfigurationIsVisible = 0;
			defaultConfigurationName = Release;
		};
		4A76BC3929F4788E00DD3ACE /* Build configuration list for PBXNativeTarget "ScrumdingerUITests" */ = {
			isa = XCConfigurationList;
			buildConfigurations = (
				4A76BC3A29F4788E00DD3ACE /* Debug */,
				4A76BC3B29F4788E00DD3ACE /* Release */,
			);
			defaultConfigurationIsVisible = 0;
			defaultConfigurationName = Release;
		};
/* End XCConfigurationList section */
	};
	rootObject = 4A76BC0629F4788D00DD3ACE /* Project object */;
}
